
Microsoft Visual Studio Solution File, Format Version 12.00
# Visual Studio 2013
VisualStudioVersion = 12.0.31101.0
MinimumVisualStudioVersion = 10.0.40219.1
Project("{FAE04EC0-301F-11D3-BF4B-00C04F79EFBC}") = "WorldOfWords.Data", "Data\WorldOfWords.Data.csproj", "{8D2C83C6-23C2-45B0-A3D7-8D1656466328}"
EndProject
Project("{FAE04EC0-301F-11D3-BF4B-00C04F79EFBC}") = "WorldOfWords.Models", "Models\WorldOfWords.Models.csproj", "{57409D38-1742-4799-81D1-CBF69ECAA22C}"
EndProject
Project("{FAE04EC0-301F-11D3-BF4B-00C04F79EFBC}") = "WorldOfWords.Web", "WorldOfWords.Web\WorldOfWords.Web.csproj", "{20428A84-9225-426F-BD3D-BC155C75C2F5}"
EndProject
Project("{2150E333-8FDC-42A3-9474-1A3956D46DE8}") = ".nuget", ".nuget", "{4E9A92AF-97F0-4EF5-820D-527E675084A2}"
	ProjectSection(SolutionItems) = preProject
		.nuget\NuGet.Config = .nuget\NuGet.Config
		.nuget\NuGet.exe = .nuget\NuGet.exe
		.nuget\NuGet.targets = .nuget\NuGet.targets
	EndProjectSection
EndProject
Global
	GlobalSection(SolutionConfigurationPlatforms) = preSolution
		Debug|Any CPU = Debug|Any CPU
		Release|Any CPU = Release|Any CPU
	EndGlobalSection
	GlobalSection(ProjectConfigurationPlatforms) = postSolution
		{8D2C83C6-23C2-45B0-A3D7-8D1656466328}.Debug|Any CPU.ActiveCfg = Debug|Any CPU
		{8D2C83C6-23C2-45B0-A3D7-8D1656466328}.Debug|Any CPU.Build.0 = Debug|Any CPU
		{8D2C83C6-23C2-45B0-A3D7-8D1656466328}.Release|Any CPU.ActiveCfg = Release|Any CPU
		{8D2C83C6-23C2-45B0-A3D7-8D1656466328}.Release|Any CPU.Build.0 = Release|Any CPU
		{57409D38-1742-4799-81D1-CBF69ECAA22C}.Debug|Any CPU.ActiveCfg = Debug|Any CPU
		{57409D38-1742-4799-81D1-CBF69ECAA22C}.Debug|Any CPU.Build.0 = Debug|Any CPU
		{57409D38-1742-4799-81D1-CBF69ECAA22C}.Release|Any CPU.ActiveCfg = Release|Any CPU
		{57409D38-1742-4799-81D1-CBF69ECAA22C}.Release|Any CPU.Build.0 = Release|Any CPU
		{20428A84-9225-426F-BD3D-BC155C75C2F5}.Debug|Any CPU.ActiveCfg = Debug|Any CPU
		{20428A84-9225-426F-BD3D-BC155C75C2F5}.Debug|Any CPU.Build.0 = Debug|Any CPU
		{20428A84-9225-426F-BD3D-BC155C75C2F5}.Release|Any CPU.ActiveCfg = Release|Any CPU
		{20428A84-9225-426F-BD3D-BC155C75C2F5}.Release|Any CPU.Build.0 = Release|Any CPU
	EndGlobalSection
	GlobalSection(SolutionProperties) = preSolution
		HideSolutionNode = FALSE
	EndGlobalSection
EndGlobal
